schema: '2.0'
stages:
  generate_dataset:
    cmd: python -m cvproject3.dataset
    deps:
    - path: cvproject3/data.py
      hash: md5
      md5: a14b7f476f09a976e68d80577e895d2a
      size: 2713
    - path: cvproject3/dataset.py
      hash: md5
      md5: 30b721815780393f11e7379634c8a19f
      size: 1136
    outs:
    - path: data
      hash: md5
      md5: a502e1e6a16190d31f6e2f20ae52f011.dir
      size: 3340824608
      nfiles: 5702
  train:
    cmd: python -m cvproject3.train
    deps:
    - path: cvproject3/model_impls
      hash: md5
      md5: dcd69a7c29af9271b47538b5674107d3.dir
      size: 48875
      nfiles: 16
    - path: cvproject3/models.py
      hash: md5
      md5: 2625cb60fa34e6d9f4ceec614640fba6
      size: 1212
    - path: cvproject3/train.py
      hash: md5
      md5: d8c26266d58be471f1db1d833f08eb34
      size: 10699
    - path: data
      hash: md5
      md5: a502e1e6a16190d31f6e2f20ae52f011.dir
      size: 3340824608
      nfiles: 5702
    params:
      params.yaml:
        train.batch_size: 2
    outs:
    - path: models/best.pt
      hash: md5
      md5: d2ff968d7541bb95dc18bb3512734fcd
      size: 2155282
  eval:
    cmd: python -m cvproject3.eval
    deps:
    - path: cvproject3
      hash: md5
      md5: 3ee1c3ecb489d15718802f08c757d2ad.dir
      size: 104425
      nfiles: 32
    - path: models/best.pt
      hash: md5
      md5: d2ff968d7541bb95dc18bb3512734fcd
      size: 2155282
