schema: '2.0'
stages:
  generate_dataset:
    cmd: python -m cvproject3.dataset
    deps:
    - path: cvproject3/data.py
      hash: md5
      md5: a14b7f476f09a976e68d80577e895d2a
      size: 2713
    - path: cvproject3/dataset.py
      hash: md5
      md5: 30b721815780393f11e7379634c8a19f
      size: 1136
    outs:
    - path: data
      hash: md5
      md5: a502e1e6a16190d31f6e2f20ae52f011.dir
      size: 3340824608
      nfiles: 5702
  train:
    cmd: python -m cvproject3.train
    deps:
    - path: cvproject3/model_impls
      hash: md5
      md5: 175d1d0d3f8b904d6140bd11e3b8e901.dir
      size: 12920
      nfiles: 6
    - path: cvproject3/models.py
      hash: md5
      md5: e483351f77c0c281425ebdd1f24c4891
      size: 978
    - path: cvproject3/train.py
      hash: md5
      md5: c800b126e4dcaf30d23fb8080161eb7b
      size: 5608
    - path: data
      hash: md5
      md5: a502e1e6a16190d31f6e2f20ae52f011.dir
      size: 3340824608
      nfiles: 5702
    params:
      params.yaml:
        train.batch_size: 2
    outs:
    - path: models/best.pt
      hash: md5
      md5: d41d8cd98f00b204e9800998ecf8427e
      size: 0
  eval:
    cmd: python -m cvproject3.eval
    deps:
    - path: cvproject3
      hash: md5
      md5: 1f188044af76e125d4beb60572bca236.dir
      size: 53132
      nfiles: 20
    - path: models/best.pt
      hash: md5
      md5: d41d8cd98f00b204e9800998ecf8427e
      size: 0
