schema: '2.0'
stages:
  generate_dataset:
    cmd: python -m cvproject3.dataset
    deps:
    - path: cvproject3/data.py
      hash: md5
      md5: a14b7f476f09a976e68d80577e895d2a
      size: 2713
    - path: cvproject3/dataset.py
      hash: md5
      md5: 30b721815780393f11e7379634c8a19f
      size: 1136
    outs:
    - path: data
      hash: md5
      md5: a502e1e6a16190d31f6e2f20ae52f011.dir
      size: 3340824608
      nfiles: 5702
  train:
    cmd: python -m cvproject3.train
    deps:
    - path: cvproject3/models.py
      hash: md5
      md5: b2bdb03fb43dba217bcbe9eef8b9eb15
      size: 777
    - path: cvproject3/train.py
      hash: md5
      md5: 583b5dde60635c71911d91001ae05b29
      size: 5852
    - path: data
      hash: md5
      md5: a502e1e6a16190d31f6e2f20ae52f011.dir
      size: 3340824608
      nfiles: 5702
    params:
      params.yaml:
        train.batch_size: 16
    outs:
    - path: models/best.pt
      hash: md5
      md5: 76b5a445527a208d7abe6b1a7360ad67
      size: 2072
  eval:
    cmd: python -m cvproject3.eval
    deps:
    - path: cvproject3
      hash: md5
      md5: 8c68420bdb38291a8becc988a952a41a.dir
      size: 39149
      nfiles: 14
    - path: models/best.pt
      hash: md5
      md5: 76b5a445527a208d7abe6b1a7360ad67
      size: 2072
